
Microsoft Visual Studio Solution File, Format Version 12.00
# Visual Studio 15
VisualStudioVersion = 15.0.26124.0
MinimumVisualStudioVersion = 15.0.26124.0
Project("{FAE04EC0-301F-11D3-BF4B-00C04F79EFBC}") = "Itminus.Barcode.TagHelpers", "Itminus.Barcode.TagHelpers\Itminus.Barcode.TagHelpers.csproj", "{CA84B00E-F14C-4BDD-B7B1-128C68E72B64}"
EndProject
Project("{FAE04EC0-301F-11D3-BF4B-00C04F79EFBC}") = "Itminus.Barcode.TagHelpers.Test", "Itminus.Barcode.TagHelpers.Test\Itminus.Barcode.TagHelpers.Test.csproj", "{340129C3-B783-4B6A-B85F-D6DC55702E62}"
EndProject
Project("{FAE04EC0-301F-11D3-BF4B-00C04F79EFBC}") = "Itminus.Barcode.TagHelpers.WebTestApp", "Itminus.Barcode.TagHelpers.WebTestApp\Itminus.Barcode.TagHelpers.WebTestApp.csproj", "{A2DFA777-8A18-403A-B4AB-3FF701772A04}"
EndProject
Global
	GlobalSection(SolutionConfigurationPlatforms) = preSolution
		Debug|Any CPU = Debug|Any CPU
		Debug|x64 = Debug|x64
		Debug|x86 = Debug|x86
		Release|Any CPU = Release|Any CPU
		Release|x64 = Release|x64
		Release|x86 = Release|x86
	EndGlobalSection
	GlobalSection(SolutionProperties) = preSolution
		HideSolutionNode = FALSE
	EndGlobalSection
	GlobalSection(ProjectConfigurationPlatforms) = postSolution
		{CA84B00E-F14C-4BDD-B7B1-128C68E72B64}.Debug|Any CPU.ActiveCfg = Debug|Any CPU
		{CA84B00E-F14C-4BDD-B7B1-128C68E72B64}.Debug|Any CPU.Build.0 = Debug|Any CPU
		{CA84B00E-F14C-4BDD-B7B1-128C68E72B64}.Debug|x64.ActiveCfg = Debug|Any CPU
		{CA84B00E-F14C-4BDD-B7B1-128C68E72B64}.Debug|x64.Build.0 = Debug|Any CPU
		{CA84B00E-F14C-4BDD-B7B1-128C68E72B64}.Debug|x86.ActiveCfg = Debug|Any CPU
		{CA84B00E-F14C-4BDD-B7B1-128C68E72B64}.Debug|x86.Build.0 = Debug|Any CPU
		{CA84B00E-F14C-4BDD-B7B1-128C68E72B64}.Release|Any CPU.ActiveCfg = Release|Any CPU
		{CA84B00E-F14C-4BDD-B7B1-128C68E72B64}.Release|Any CPU.Build.0 = Release|Any CPU
		{CA84B00E-F14C-4BDD-B7B1-128C68E72B64}.Release|x64.ActiveCfg = Release|Any CPU
		{CA84B00E-F14C-4BDD-B7B1-128C68E72B64}.Release|x64.Build.0 = Release|Any CPU
		{CA84B00E-F14C-4BDD-B7B1-128C68E72B64}.Release|x86.ActiveCfg = Release|Any CPU
		{CA84B00E-F14C-4BDD-B7B1-128C68E72B64}.Release|x86.Build.0 = Release|Any CPU
		{340129C3-B783-4B6A-B85F-D6DC55702E62}.Debug|Any CPU.ActiveCfg = Debug|Any CPU
		{340129C3-B783-4B6A-B85F-D6DC55702E62}.Debug|Any CPU.Build.0 = Debug|Any CPU
		{340129C3-B783-4B6A-B85F-D6DC55702E62}.Debug|x64.ActiveCfg = Debug|Any CPU
		{340129C3-B783-4B6A-B85F-D6DC55702E62}.Debug|x64.Build.0 = Debug|Any CPU
		{340129C3-B783-4B6A-B85F-D6DC55702E62}.Debug|x86.ActiveCfg = Debug|Any CPU
		{340129C3-B783-4B6A-B85F-D6DC55702E62}.Debug|x86.Build.0 = Debug|Any CPU
		{340129C3-B783-4B6A-B85F-D6DC55702E62}.Release|Any CPU.ActiveCfg = Release|Any CPU
		{340129C3-B783-4B6A-B85F-D6DC55702E62}.Release|Any CPU.Build.0 = Release|Any CPU
		{340129C3-B783-4B6A-B85F-D6DC55702E62}.Release|x64.ActiveCfg = Release|Any CPU
		{340129C3-B783-4B6A-B85F-D6DC55702E62}.Release|x64.Build.0 = Release|Any CPU
		{340129C3-B783-4B6A-B85F-D6DC55702E62}.Release|x86.ActiveCfg = Release|Any CPU
		{340129C3-B783-4B6A-B85F-D6DC55702E62}.Release|x86.Build.0 = Release|Any CPU
		{A2DFA777-8A18-403A-B4AB-3FF701772A04}.Debug|Any CPU.ActiveCfg = Debug|Any CPU
		{A2DFA777-8A18-403A-B4AB-3FF701772A04}.Debug|Any CPU.Build.0 = Debug|Any CPU
		{A2DFA777-8A18-403A-B4AB-3FF701772A04}.Debug|x64.ActiveCfg = Debug|Any CPU
		{A2DFA777-8A18-403A-B4AB-3FF701772A04}.Debug|x64.Build.0 = Debug|Any CPU
		{A2DFA777-8A18-403A-B4AB-3FF701772A04}.Debug|x86.ActiveCfg = Debug|Any CPU
		{A2DFA777-8A18-403A-B4AB-3FF701772A04}.Debug|x86.Build.0 = Debug|Any CPU
		{A2DFA777-8A18-403A-B4AB-3FF701772A04}.Release|Any CPU.ActiveCfg = Release|Any CPU
		{A2DFA777-8A18-403A-B4AB-3FF701772A04}.Release|Any CPU.Build.0 = Release|Any CPU
		{A2DFA777-8A18-403A-B4AB-3FF701772A04}.Release|x64.ActiveCfg = Release|Any CPU
		{A2DFA777-8A18-403A-B4AB-3FF701772A04}.Release|x64.Build.0 = Release|Any CPU
		{A2DFA777-8A18-403A-B4AB-3FF701772A04}.Release|x86.ActiveCfg = Release|Any CPU
		{A2DFA777-8A18-403A-B4AB-3FF701772A04}.Release|x86.Build.0 = Release|Any CPU
	EndGlobalSection
EndGlobal
